
Microsoft Visual Studio Solution File, Format Version 12.00
# Visual Studio 15
VisualStudioVersion = 15.0.28307.168
MinimumVisualStudioVersion = 10.0.40219.1
Project("{8BC9CEB8-8B4A-11D0-8D11-00A0C91BC942}") = "Lab-4A", "Lab-4A\Lab-4A.vcxproj", "{E722A856-35D3-48C1-A333-1EAA78DC0B6D}"
EndProject
Global
	GlobalSection(SolutionConfigurationPlatforms) = preSolution
		Debug|x64 = Debug|x64
		Debug|x86 = Debug|x86
		Release|x64 = Release|x64
		Release|x86 = Release|x86
	EndGlobalSection
	GlobalSection(ProjectConfigurationPlatforms) = postSolution
		{E722A856-35D3-48C1-A333-1EAA78DC0B6D}.Debug|x64.ActiveCfg = Debug|x64
		{E722A856-35D3-48C1-A333-1EAA78DC0B6D}.Debug|x64.Build.0 = Debug|x64
		{E722A856-35D3-48C1-A333-1EAA78DC0B6D}.Debug|x86.ActiveCfg = Debug|Win32
		{E722A856-35D3-48C1-A333-1EAA78DC0B6D}.Debug|x86.Build.0 = Debug|Win32
		{E722A856-35D3-48C1-A333-1EAA78DC0B6D}.Release|x64.ActiveCfg = Release|x64
		{E722A856-35D3-48C1-A333-1EAA78DC0B6D}.Release|x64.Build.0 = Release|x64
		{E722A856-35D3-48C1-A333-1EAA78DC0B6D}.Release|x86.ActiveCfg = Release|Win32
		{E722A856-35D3-48C1-A333-1EAA78DC0B6D}.Release|x86.Build.0 = Release|Win32
	EndGlobalSection
	GlobalSection(SolutionProperties) = preSolution
		HideSolutionNode = FALSE
	EndGlobalSection
	GlobalSection(ExtensibilityGlobals) = postSolution
		SolutionGuid = {C73FA5F4-89BD-40CE-B5B1-A1803105F398}
	EndGlobalSection
EndGlobal
