
Microsoft Visual Studio Solution File, Format Version 12.00
# Visual Studio 15
VisualStudioVersion = 15.0.28307.168
MinimumVisualStudioVersion = 10.0.40219.1
Project("{8BC9CEB8-8B4A-11D0-8D11-00A0C91BC942}") = "lab3-new", "lab3-new\lab3-new.vcxproj", "{242DB886-0505-4466-A242-DED6E190306E}"
EndProject
Global
	GlobalSection(SolutionConfigurationPlatforms) = preSolution
		Debug|x64 = Debug|x64
		Debug|x86 = Debug|x86
		Release|x64 = Release|x64
		Release|x86 = Release|x86
	EndGlobalSection
	GlobalSection(ProjectConfigurationPlatforms) = postSolution
		{242DB886-0505-4466-A242-DED6E190306E}.Debug|x64.ActiveCfg = Debug|x64
		{242DB886-0505-4466-A242-DED6E190306E}.Debug|x64.Build.0 = Debug|x64
		{242DB886-0505-4466-A242-DED6E190306E}.Debug|x86.ActiveCfg = Debug|Win32
		{242DB886-0505-4466-A242-DED6E190306E}.Debug|x86.Build.0 = Debug|Win32
		{242DB886-0505-4466-A242-DED6E190306E}.Release|x64.ActiveCfg = Release|x64
		{242DB886-0505-4466-A242-DED6E190306E}.Release|x64.Build.0 = Release|x64
		{242DB886-0505-4466-A242-DED6E190306E}.Release|x86.ActiveCfg = Release|Win32
		{242DB886-0505-4466-A242-DED6E190306E}.Release|x86.Build.0 = Release|Win32
	EndGlobalSection
	GlobalSection(SolutionProperties) = preSolution
		HideSolutionNode = FALSE
	EndGlobalSection
	GlobalSection(ExtensibilityGlobals) = postSolution
		SolutionGuid = {B56A17CA-11C1-478F-AB38-58F77A6CCE02}
	EndGlobalSection
EndGlobal
